
Microsoft Visual Studio Solution File, Format Version 12.00
# Visual Studio Version 17
VisualStudioVersion = 17.6.33829.357
MinimumVisualStudioVersion = 10.0.40219.1
Project("{FAE04EC0-301F-11D3-BF4B-00C04F79EFBC}") = "ATM_banking_system", "ATM_banking_system.csproj", "{F2CF6FBE-1D77-408F-A114-7B1A65299057}"
EndProject
Global
	GlobalSection(SolutionConfigurationPlatforms) = preSolution
		Debug|Any CPU = Debug|Any CPU
		Release|Any CPU = Release|Any CPU
	EndGlobalSection
	GlobalSection(ProjectConfigurationPlatforms) = postSolution
		{F2CF6FBE-1D77-408F-A114-7B1A65299057}.Debug|Any CPU.ActiveCfg = Debug|Any CPU
		{F2CF6FBE-1D77-408F-A114-7B1A65299057}.Debug|Any CPU.Build.0 = Debug|Any CPU
		{F2CF6FBE-1D77-408F-A114-7B1A65299057}.Release|Any CPU.ActiveCfg = Release|Any CPU
		{F2CF6FBE-1D77-408F-A114-7B1A65299057}.Release|Any CPU.Build.0 = Release|Any CPU
	EndGlobalSection
	GlobalSection(SolutionProperties) = preSolution
		HideSolutionNode = FALSE
	EndGlobalSection
	GlobalSection(ExtensibilityGlobals) = postSolution
		SolutionGuid = {4A72456A-59F3-44B8-A72A-A7492C667F51}
	EndGlobalSection
EndGlobal
